
Microsoft Visual Studio Solution File, Format Version 12.00
# Visual Studio Version 17
VisualStudioVersion = 17.0.31903.59
MinimumVisualStudioVersion = 10.0.40219.1
Project("{FAE04EC0-301F-11D3-BF4B-00C04F79EFBC}") = "Contracts", "Contracts\Contracts.csproj", "{DE89BFB1-6B8D-47EB-B684-5124E27E069E}"
EndProject
Project("{FAE04EC0-301F-11D3-BF4B-00C04F79EFBC}") = "Domain", "Domain\Domain.csproj", "{C92E5748-5FD5-46B9-860A-77388993C12F}"
EndProject
Project("{FAE04EC0-301F-11D3-BF4B-00C04F79EFBC}") = "Application", "Application\Application.csproj", "{7B260B1B-3E6F-4503-A0E2-F319059B14F1}"
EndProject
Project("{FAE04EC0-301F-11D3-BF4B-00C04F79EFBC}") = "Infrastructure", "Infrastructure\Infrastructure.csproj", "{699C33B9-D52C-416D-9823-E3D567BC712E}"
EndProject
Project("{FAE04EC0-301F-11D3-BF4B-00C04F79EFBC}") = "AppApi", "AppApi\AppApi.csproj", "{A637711D-1E51-412B-86CD-9826551A571B}"
EndProject
Project("{2150E333-8FDC-42A3-9474-1A3956D46DE8}") = "tests", "tests", "{0AB3BF05-4346-4AA6-1389-037BE0695223}"
EndProject
Project("{FAE04EC0-301F-11D3-BF4B-00C04F79EFBC}") = "UnitTests", "tests\UnitTests\UnitTests.csproj", "{3921DB1B-F20A-4A12-91D7-3704005B7805}"
EndProject
Project("{FAE04EC0-301F-11D3-BF4B-00C04F79EFBC}") = "IntegrationTests", "tests\IntegrationTests\IntegrationTests.csproj", "{8EDFDE56-E072-4493-8010-B08BBD94C750}"
EndProject
Project("{FAE04EC0-301F-11D3-BF4B-00C04F79EFBC}") = "Ctx0.Security.Abstractions", "..\..\packages\dotnet\Ctx0.Security.Abstractions\Ctx0.Security.Abstractions.csproj", "{C37B33EF-4DA1-4B78-BFE7-D2C3F42C470B}"
EndProject
Project("{FAE04EC0-301F-11D3-BF4B-00C04F79EFBC}") = "Ctx0.Security", "..\..\packages\dotnet\Ctx0.Security\Ctx0.Security.csproj", "{1621E18E-6FB7-447F-AA4F-A13929C9DD3B}"
EndProject
Project("{FAE04EC0-301F-11D3-BF4B-00C04F79EFBC}") = "Ctx0.Security.EfCore", "..\..\packages\dotnet\Ctx0.Security.EfCore\Ctx0.Security.EfCore.csproj", "{06309B64-DAF7-470A-A16E-71E5BE6DDACA}"
EndProject
Global
	GlobalSection(SolutionConfigurationPlatforms) = preSolution
		Debug|Any CPU = Debug|Any CPU
		Debug|x64 = Debug|x64
		Debug|x86 = Debug|x86
		Release|Any CPU = Release|Any CPU
		Release|x64 = Release|x64
		Release|x86 = Release|x86
	EndGlobalSection
	GlobalSection(ProjectConfigurationPlatforms) = postSolution
		{DE89BFB1-6B8D-47EB-B684-5124E27E069E}.Debug|Any CPU.ActiveCfg = Debug|Any CPU
		{DE89BFB1-6B8D-47EB-B684-5124E27E069E}.Debug|Any CPU.Build.0 = Debug|Any CPU
		{DE89BFB1-6B8D-47EB-B684-5124E27E069E}.Debug|x64.ActiveCfg = Debug|Any CPU
		{DE89BFB1-6B8D-47EB-B684-5124E27E069E}.Debug|x64.Build.0 = Debug|Any CPU
		{DE89BFB1-6B8D-47EB-B684-5124E27E069E}.Debug|x86.ActiveCfg = Debug|Any CPU
		{DE89BFB1-6B8D-47EB-B684-5124E27E069E}.Debug|x86.Build.0 = Debug|Any CPU
		{DE89BFB1-6B8D-47EB-B684-5124E27E069E}.Release|Any CPU.ActiveCfg = Release|Any CPU
		{DE89BFB1-6B8D-47EB-B684-5124E27E069E}.Release|Any CPU.Build.0 = Release|Any CPU
		{DE89BFB1-6B8D-47EB-B684-5124E27E069E}.Release|x64.ActiveCfg = Release|Any CPU
		{DE89BFB1-6B8D-47EB-B684-5124E27E069E}.Release|x64.Build.0 = Release|Any CPU
		{DE89BFB1-6B8D-47EB-B684-5124E27E069E}.Release|x86.ActiveCfg = Release|Any CPU
		{DE89BFB1-6B8D-47EB-B684-5124E27E069E}.Release|x86.Build.0 = Release|Any CPU
		{C92E5748-5FD5-46B9-860A-77388993C12F}.Debug|Any CPU.ActiveCfg = Debug|Any CPU
		{C92E5748-5FD5-46B9-860A-77388993C12F}.Debug|Any CPU.Build.0 = Debug|Any CPU
		{C92E5748-5FD5-46B9-860A-77388993C12F}.Debug|x64.ActiveCfg = Debug|Any CPU
		{C92E5748-5FD5-46B9-860A-77388993C12F}.Debug|x64.Build.0 = Debug|Any CPU
		{C92E5748-5FD5-46B9-860A-77388993C12F}.Debug|x86.ActiveCfg = Debug|Any CPU
		{C92E5748-5FD5-46B9-860A-77388993C12F}.Debug|x86.Build.0 = Debug|Any CPU
		{C92E5748-5FD5-46B9-860A-77388993C12F}.Release|Any CPU.ActiveCfg = Release|Any CPU
		{C92E5748-5FD5-46B9-860A-77388993C12F}.Release|Any CPU.Build.0 = Release|Any CPU
		{C92E5748-5FD5-46B9-860A-77388993C12F}.Release|x64.ActiveCfg = Release|Any CPU
		{C92E5748-5FD5-46B9-860A-77388993C12F}.Release|x64.Build.0 = Release|Any CPU
		{C92E5748-5FD5-46B9-860A-77388993C12F}.Release|x86.ActiveCfg = Release|Any CPU
		{C92E5748-5FD5-46B9-860A-77388993C12F}.Release|x86.Build.0 = Release|Any CPU
		{7B260B1B-3E6F-4503-A0E2-F319059B14F1}.Debug|Any CPU.ActiveCfg = Debug|Any CPU
		{7B260B1B-3E6F-4503-A0E2-F319059B14F1}.Debug|Any CPU.Build.0 = Debug|Any CPU
		{7B260B1B-3E6F-4503-A0E2-F319059B14F1}.Debug|x64.ActiveCfg = Debug|Any CPU
		{7B260B1B-3E6F-4503-A0E2-F319059B14F1}.Debug|x64.Build.0 = Debug|Any CPU
		{7B260B1B-3E6F-4503-A0E2-F319059B14F1}.Debug|x86.ActiveCfg = Debug|Any CPU
		{7B260B1B-3E6F-4503-A0E2-F319059B14F1}.Debug|x86.Build.0 = Debug|Any CPU
		{7B260B1B-3E6F-4503-A0E2-F319059B14F1}.Release|Any CPU.ActiveCfg = Release|Any CPU
		{7B260B1B-3E6F-4503-A0E2-F319059B14F1}.Release|Any CPU.Build.0 = Release|Any CPU
		{7B260B1B-3E6F-4503-A0E2-F319059B14F1}.Release|x64.ActiveCfg = Release|Any CPU
		{7B260B1B-3E6F-4503-A0E2-F319059B14F1}.Release|x64.Build.0 = Release|Any CPU
		{7B260B1B-3E6F-4503-A0E2-F319059B14F1}.Release|x86.ActiveCfg = Release|Any CPU
		{7B260B1B-3E6F-4503-A0E2-F319059B14F1}.Release|x86.Build.0 = Release|Any CPU
		{699C33B9-D52C-416D-9823-E3D567BC712E}.Debug|Any CPU.ActiveCfg = Debug|Any CPU
		{699C33B9-D52C-416D-9823-E3D567BC712E}.Debug|Any CPU.Build.0 = Debug|Any CPU
		{699C33B9-D52C-416D-9823-E3D567BC712E}.Debug|x64.ActiveCfg = Debug|Any CPU
		{699C33B9-D52C-416D-9823-E3D567BC712E}.Debug|x64.Build.0 = Debug|Any CPU
		{699C33B9-D52C-416D-9823-E3D567BC712E}.Debug|x86.ActiveCfg = Debug|Any CPU
		{699C33B9-D52C-416D-9823-E3D567BC712E}.Debug|x86.Build.0 = Debug|Any CPU
		{699C33B9-D52C-416D-9823-E3D567BC712E}.Release|Any CPU.ActiveCfg = Release|Any CPU
		{699C33B9-D52C-416D-9823-E3D567BC712E}.Release|Any CPU.Build.0 = Release|Any CPU
		{699C33B9-D52C-416D-9823-E3D567BC712E}.Release|x64.ActiveCfg = Release|Any CPU
		{699C33B9-D52C-416D-9823-E3D567BC712E}.Release|x64.Build.0 = Release|Any CPU
		{699C33B9-D52C-416D-9823-E3D567BC712E}.Release|x86.ActiveCfg = Release|Any CPU
		{699C33B9-D52C-416D-9823-E3D567BC712E}.Release|x86.Build.0 = Release|Any CPU
		{A637711D-1E51-412B-86CD-9826551A571B}.Debug|Any CPU.ActiveCfg = Debug|Any CPU
		{A637711D-1E51-412B-86CD-9826551A571B}.Debug|Any CPU.Build.0 = Debug|Any CPU
		{A637711D-1E51-412B-86CD-9826551A571B}.Debug|x64.ActiveCfg = Debug|Any CPU
		{A637711D-1E51-412B-86CD-9826551A571B}.Debug|x64.Build.0 = Debug|Any CPU
		{A637711D-1E51-412B-86CD-9826551A571B}.Debug|x86.ActiveCfg = Debug|Any CPU
		{A637711D-1E51-412B-86CD-9826551A571B}.Debug|x86.Build.0 = Debug|Any CPU
		{A637711D-1E51-412B-86CD-9826551A571B}.Release|Any CPU.ActiveCfg = Release|Any CPU
		{A637711D-1E51-412B-86CD-9826551A571B}.Release|Any CPU.Build.0 = Release|Any CPU
		{A637711D-1E51-412B-86CD-9826551A571B}.Release|x64.ActiveCfg = Release|Any CPU
		{A637711D-1E51-412B-86CD-9826551A571B}.Release|x64.Build.0 = Release|Any CPU
		{A637711D-1E51-412B-86CD-9826551A571B}.Release|x86.ActiveCfg = Release|Any CPU
		{A637711D-1E51-412B-86CD-9826551A571B}.Release|x86.Build.0 = Release|Any CPU
		{3921DB1B-F20A-4A12-91D7-3704005B7805}.Debug|Any CPU.ActiveCfg = Debug|Any CPU
		{3921DB1B-F20A-4A12-91D7-3704005B7805}.Debug|Any CPU.Build.0 = Debug|Any CPU
		{3921DB1B-F20A-4A12-91D7-3704005B7805}.Debug|x64.ActiveCfg = Debug|Any CPU
		{3921DB1B-F20A-4A12-91D7-3704005B7805}.Debug|x64.Build.0 = Debug|Any CPU
		{3921DB1B-F20A-4A12-91D7-3704005B7805}.Debug|x86.ActiveCfg = Debug|Any CPU
		{3921DB1B-F20A-4A12-91D7-3704005B7805}.Debug|x86.Build.0 = Debug|Any CPU
		{3921DB1B-F20A-4A12-91D7-3704005B7805}.Release|Any CPU.ActiveCfg = Release|Any CPU
		{3921DB1B-F20A-4A12-91D7-3704005B7805}.Release|Any CPU.Build.0 = Release|Any CPU
		{3921DB1B-F20A-4A12-91D7-3704005B7805}.Release|x64.ActiveCfg = Release|Any CPU
		{3921DB1B-F20A-4A12-91D7-3704005B7805}.Release|x64.Build.0 = Release|Any CPU
		{3921DB1B-F20A-4A12-91D7-3704005B7805}.Release|x86.ActiveCfg = Release|Any CPU
		{3921DB1B-F20A-4A12-91D7-3704005B7805}.Release|x86.Build.0 = Release|Any CPU
		{8EDFDE56-E072-4493-8010-B08BBD94C750}.Debug|Any CPU.ActiveCfg = Debug|Any CPU
		{8EDFDE56-E072-4493-8010-B08BBD94C750}.Debug|Any CPU.Build.0 = Debug|Any CPU
		{8EDFDE56-E072-4493-8010-B08BBD94C750}.Debug|x64.ActiveCfg = Debug|Any CPU
		{8EDFDE56-E072-4493-8010-B08BBD94C750}.Debug|x64.Build.0 = Debug|Any CPU
		{8EDFDE56-E072-4493-8010-B08BBD94C750}.Debug|x86.ActiveCfg = Debug|Any CPU
		{8EDFDE56-E072-4493-8010-B08BBD94C750}.Debug|x86.Build.0 = Debug|Any CPU
		{8EDFDE56-E072-4493-8010-B08BBD94C750}.Release|Any CPU.ActiveCfg = Release|Any CPU
		{8EDFDE56-E072-4493-8010-B08BBD94C750}.Release|Any CPU.Build.0 = Release|Any CPU
		{8EDFDE56-E072-4493-8010-B08BBD94C750}.Release|x64.ActiveCfg = Release|Any CPU
		{8EDFDE56-E072-4493-8010-B08BBD94C750}.Release|x64.Build.0 = Release|Any CPU
		{8EDFDE56-E072-4493-8010-B08BBD94C750}.Release|x86.ActiveCfg = Release|Any CPU
		{8EDFDE56-E072-4493-8010-B08BBD94C750}.Release|x86.Build.0 = Release|Any CPU
		{C37B33EF-4DA1-4B78-BFE7-D2C3F42C470B}.Debug|Any CPU.ActiveCfg = Debug|Any CPU
		{C37B33EF-4DA1-4B78-BFE7-D2C3F42C470B}.Debug|Any CPU.Build.0 = Debug|Any CPU
		{C37B33EF-4DA1-4B78-BFE7-D2C3F42C470B}.Debug|x64.ActiveCfg = Debug|Any CPU
		{C37B33EF-4DA1-4B78-BFE7-D2C3F42C470B}.Debug|x64.Build.0 = Debug|Any CPU
		{C37B33EF-4DA1-4B78-BFE7-D2C3F42C470B}.Debug|x86.ActiveCfg = Debug|Any CPU
		{C37B33EF-4DA1-4B78-BFE7-D2C3F42C470B}.Debug|x86.Build.0 = Debug|Any CPU
		{C37B33EF-4DA1-4B78-BFE7-D2C3F42C470B}.Release|Any CPU.ActiveCfg = Release|Any CPU
		{C37B33EF-4DA1-4B78-BFE7-D2C3F42C470B}.Release|Any CPU.Build.0 = Release|Any CPU
		{C37B33EF-4DA1-4B78-BFE7-D2C3F42C470B}.Release|x64.ActiveCfg = Release|Any CPU
		{C37B33EF-4DA1-4B78-BFE7-D2C3F42C470B}.Release|x64.Build.0 = Release|Any CPU
		{C37B33EF-4DA1-4B78-BFE7-D2C3F42C470B}.Release|x86.ActiveCfg = Release|Any CPU
		{C37B33EF-4DA1-4B78-BFE7-D2C3F42C470B}.Release|x86.Build.0 = Release|Any CPU
		{1621E18E-6FB7-447F-AA4F-A13929C9DD3B}.Debug|Any CPU.ActiveCfg = Debug|Any CPU
		{1621E18E-6FB7-447F-AA4F-A13929C9DD3B}.Debug|Any CPU.Build.0 = Debug|Any CPU
		{1621E18E-6FB7-447F-AA4F-A13929C9DD3B}.Debug|x64.ActiveCfg = Debug|Any CPU
		{1621E18E-6FB7-447F-AA4F-A13929C9DD3B}.Debug|x64.Build.0 = Debug|Any CPU
		{1621E18E-6FB7-447F-AA4F-A13929C9DD3B}.Debug|x86.ActiveCfg = Debug|Any CPU
		{1621E18E-6FB7-447F-AA4F-A13929C9DD3B}.Debug|x86.Build.0 = Debug|Any CPU
		{1621E18E-6FB7-447F-AA4F-A13929C9DD3B}.Release|Any CPU.ActiveCfg = Release|Any CPU
		{1621E18E-6FB7-447F-AA4F-A13929C9DD3B}.Release|Any CPU.Build.0 = Release|Any CPU
		{1621E18E-6FB7-447F-AA4F-A13929C9DD3B}.Release|x64.ActiveCfg = Release|Any CPU
		{1621E18E-6FB7-447F-AA4F-A13929C9DD3B}.Release|x64.Build.0 = Release|Any CPU
		{1621E18E-6FB7-447F-AA4F-A13929C9DD3B}.Release|x86.ActiveCfg = Release|Any CPU
		{1621E18E-6FB7-447F-AA4F-A13929C9DD3B}.Release|x86.Build.0 = Release|Any CPU
		{06309B64-DAF7-470A-A16E-71E5BE6DDACA}.Debug|Any CPU.ActiveCfg = Debug|Any CPU
		{06309B64-DAF7-470A-A16E-71E5BE6DDACA}.Debug|Any CPU.Build.0 = Debug|Any CPU
		{06309B64-DAF7-470A-A16E-71E5BE6DDACA}.Debug|x64.ActiveCfg = Debug|Any CPU
		{06309B64-DAF7-470A-A16E-71E5BE6DDACA}.Debug|x64.Build.0 = Debug|Any CPU
		{06309B64-DAF7-470A-A16E-71E5BE6DDACA}.Debug|x86.ActiveCfg = Debug|Any CPU
		{06309B64-DAF7-470A-A16E-71E5BE6DDACA}.Debug|x86.Build.0 = Debug|Any CPU
		{06309B64-DAF7-470A-A16E-71E5BE6DDACA}.Release|Any CPU.ActiveCfg = Release|Any CPU
		{06309B64-DAF7-470A-A16E-71E5BE6DDACA}.Release|Any CPU.Build.0 = Release|Any CPU
		{06309B64-DAF7-470A-A16E-71E5BE6DDACA}.Release|x64.ActiveCfg = Release|Any CPU
		{06309B64-DAF7-470A-A16E-71E5BE6DDACA}.Release|x64.Build.0 = Release|Any CPU
		{06309B64-DAF7-470A-A16E-71E5BE6DDACA}.Release|x86.ActiveCfg = Release|Any CPU
		{06309B64-DAF7-470A-A16E-71E5BE6DDACA}.Release|x86.Build.0 = Release|Any CPU
	EndGlobalSection
	GlobalSection(SolutionProperties) = preSolution
		HideSolutionNode = FALSE
	EndGlobalSection
	GlobalSection(NestedProjects) = preSolution
		{3921DB1B-F20A-4A12-91D7-3704005B7805} = {0AB3BF05-4346-4AA6-1389-037BE0695223}
		{8EDFDE56-E072-4493-8010-B08BBD94C750} = {0AB3BF05-4346-4AA6-1389-037BE0695223}
	EndGlobalSection
EndGlobal
